
Microsoft Visual Studio Solution File, Format Version 12.00
# Visual Studio Version 17
VisualStudioVersion = 17.13.35825.156 d17.13
MinimumVisualStudioVersion = 10.0.40219.1
Project("{FAE04EC0-301F-11D3-BF4B-00C04F79EFBC}") = "ConsoleApp1", "ConsoleApp1\ConsoleApp1.csproj", "{9AA88288-CADC-46EB-8B04-000157A85286}"
EndProject
Global
	GlobalSection(SolutionConfigurationPlatforms) = preSolution
		Debug|Any CPU = Debug|Any CPU
		Release|Any CPU = Release|Any CPU
	EndGlobalSection
	GlobalSection(ProjectConfigurationPlatforms) = postSolution
		{9AA88288-CADC-46EB-8B04-000157A85286}.Debug|Any CPU.ActiveCfg = Debug|Any CPU
		{9AA88288-CADC-46EB-8B04-000157A85286}.Debug|Any CPU.Build.0 = Debug|Any CPU
		{9AA88288-CADC-46EB-8B04-000157A85286}.Release|Any CPU.ActiveCfg = Release|Any CPU
		{9AA88288-CADC-46EB-8B04-000157A85286}.Release|Any CPU.Build.0 = Release|Any CPU
	EndGlobalSection
	GlobalSection(SolutionProperties) = preSolution
		HideSolutionNode = FALSE
	EndGlobalSection
	GlobalSection(ExtensibilityGlobals) = postSolution
		SolutionGuid = {790F88D6-24F3-4592-90AC-2D39B79442BE}
	EndGlobalSection
EndGlobal
