
Microsoft Visual Studio Solution File, Format Version 12.00
# Visual Studio Version 17
VisualStudioVersion = 17.13.35825.156 d17.13
MinimumVisualStudioVersion = 10.0.40219.1
Project("{FAE04EC0-301F-11D3-BF4B-00C04F79EFBC}") = "WhereAndDynamicKeywords", "WhereAndDynamicKeywords\WhereAndDynamicKeywords.csproj", "{17CE31A6-761C-474F-9CA1-DA4AC31A829E}"
EndProject
Global
	GlobalSection(SolutionConfigurationPlatforms) = preSolution
		Debug|Any CPU = Debug|Any CPU
		Release|Any CPU = Release|Any CPU
	EndGlobalSection
	GlobalSection(ProjectConfigurationPlatforms) = postSolution
		{17CE31A6-761C-474F-9CA1-DA4AC31A829E}.Debug|Any CPU.ActiveCfg = Debug|Any CPU
		{17CE31A6-761C-474F-9CA1-DA4AC31A829E}.Debug|Any CPU.Build.0 = Debug|Any CPU
		{17CE31A6-761C-474F-9CA1-DA4AC31A829E}.Release|Any CPU.ActiveCfg = Release|Any CPU
		{17CE31A6-761C-474F-9CA1-DA4AC31A829E}.Release|Any CPU.Build.0 = Release|Any CPU
	EndGlobalSection
	GlobalSection(SolutionProperties) = preSolution
		HideSolutionNode = FALSE
	EndGlobalSection
	GlobalSection(ExtensibilityGlobals) = postSolution
		SolutionGuid = {BC763656-3AF8-46CD-84B1-DAB205A0BE37}
	EndGlobalSection
EndGlobal
